// !$*UTF8*$!
{
	archiveVersion = 1;
	classes = {
	};
	objectVersion = 50;
	objects = {

/* Begin PBXBuildFile section */
		9EE1FD872662A27500349780 /* AppDelegate.swift in Sources */ = {isa = PBXBuildFile; fileRef = 9EE1FD862662A27500349780 /* AppDelegate.swift */; };
		9EE1FD892662A27500349780 /* SceneDelegate.swift in Sources */ = {isa = PBXBuildFile; fileRef = 9EE1FD882662A27500349780 /* SceneDelegate.swift */; };
		9EE1FD8B2662A27500349780 /* LoginViewController.swift in Sources */ = {isa = PBXBuildFile; fileRef = 9EE1FD8A2662A27500349780 /* LoginViewController.swift */; };
		9EE1FD8E2662A27500349780 /* Main.storyboard in Resources */ = {isa = PBXBuildFile; fileRef = 9EE1FD8C2662A27500349780 /* Main.storyboard */; };
		9EE1FD902662A27700349780 /* Assets.xcassets in Resources */ = {isa = PBXBuildFile; fileRef = 9EE1FD8F2662A27700349780 /* Assets.xcassets */; };
		9EE1FD932662A27700349780 /* LaunchScreen.storyboard in Resources */ = {isa = PBXBuildFile; fileRef = 9EE1FD912662A27700349780 /* LaunchScreen.storyboard */; };
		9EE1FD9D2663F5DC00349780 /* AdminPageHomeViewController.swift in Sources */ = {isa = PBXBuildFile; fileRef = 9EE1FD9C2663F5DC00349780 /* AdminPageHomeViewController.swift */; };
		9EE1FDA02663F62900349780 /* AddPizzaViewController.swift in Sources */ = {isa = PBXBuildFile; fileRef = 9EE1FD9F2663F62900349780 /* AddPizzaViewController.swift */; };
		9EE1FDA32663F65200349780 /* ReviewCheckViewController.swift in Sources */ = {isa = PBXBuildFile; fileRef = 9EE1FDA22663F65200349780 /* ReviewCheckViewController.swift */; };
/* End PBXBuildFile section */

/* Begin PBXFileReference section */
		9EE1FD832662A27500349780 /* pizzaAdministratorApp.app */ = {isa = PBXFileReference; explicitFileType = wrapper.application; includeInIndex = 0; path = pizzaAdministratorApp.app; sourceTree = BUILT_PRODUCTS_DIR; };
		9EE1FD862662A27500349780 /* AppDelegate.swift */ = {isa = PBXFileReference; lastKnownFileType = sourcecode.swift; path = AppDelegate.swift; sourceTree = "<group>"; };
		9EE1FD882662A27500349780 /* SceneDelegate.swift */ = {isa = PBXFileReference; lastKnownFileType = sourcecode.swift; path = SceneDelegate.swift; sourceTree = "<group>"; };
		9EE1FD8A2662A27500349780 /* LoginViewController.swift */ = {isa = PBXFileReference; lastKnownFileType = sourcecode.swift; path = LoginViewController.swift; sourceTree = "<group>"; };
		9EE1FD8D2662A27500349780 /* Base */ = {isa = PBXFileReference; lastKnownFileType = file.storyboard; name = Base; path = Base.lproj/Main.storyboard; sourceTree = "<group>"; };
		9EE1FD8F2662A27700349780 /* Assets.xcassets */ = {isa = PBXFileReference; lastKnownFileType = folder.assetcatalog; path = Assets.xcassets; sourceTree = "<group>"; };
		9EE1FD922662A27700349780 /* Base */ = {isa = PBXFileReference; lastKnownFileType = file.storyboard; name = Base; path = Base.lproj/LaunchScreen.storyboard; sourceTree = "<group>"; };
		9EE1FD942662A27700349780 /* Info.plist */ = {isa = PBXFileReference; lastKnownFileType = text.plist.xml; path = Info.plist; sourceTree = "<group>"; };
		9EE1FD9C2663F5DC00349780 /* AdminPageHomeViewController.swift */ = {isa = PBXFileReference; lastKnownFileType = sourcecode.swift; path = AdminPageHomeViewController.swift; sourceTree = "<group>"; };
		9EE1FD9F2663F62900349780 /* AddPizzaViewController.swift */ = {isa = PBXFileReference; lastKnownFileType = sourcecode.swift; path = AddPizzaViewController.swift; sourceTree = "<group>"; };
		9EE1FDA22663F65200349780 /* ReviewCheckViewController.swift */ = {isa = PBXFileReference; lastKnownFileType = sourcecode.swift; path = ReviewCheckViewController.swift; sourceTree = "<group>"; };
/* End PBXFileReference section */

/* Begin PBXFrameworksBuildPhase section */
		9EE1FD802662A27500349780 /* Frameworks */ = {
			isa = PBXFrameworksBuildPhase;
			buildActionMask = 2147483647;
			files = (
			);
			runOnlyForDeploymentPostprocessing = 0;
		};
/* End PBXFrameworksBuildPhase section */

/* Begin PBXGroup section */
		9EE1FD7A2662A27500349780 = {
			isa = PBXGroup;
			children = (
				9EE1FD852662A27500349780 /* pizzaAdministratorApp */,
				9EE1FD842662A27500349780 /* Products */,
			);
			sourceTree = "<group>";
		};
		9EE1FD842662A27500349780 /* Products */ = {
			isa = PBXGroup;
			children = (
				9EE1FD832662A27500349780 /* pizzaAdministratorApp.app */,
			);
			name = Products;
			sourceTree = "<group>";
		};
		9EE1FD852662A27500349780 /* pizzaAdministratorApp */ = {
			isa = PBXGroup;
			children = (
				9EE1FD862662A27500349780 /* AppDelegate.swift */,
				9EE1FD882662A27500349780 /* SceneDelegate.swift */,
				9EE1FD8A2662A27500349780 /* LoginViewController.swift */,
				9EE1FD9C2663F5DC00349780 /* AdminPageHomeViewController.swift */,
				9EE1FD9F2663F62900349780 /* AddPizzaViewController.swift */,
				9EE1FDA22663F65200349780 /* ReviewCheckViewController.swift */,
				9EE1FD8C2662A27500349780 /* Main.storyboard */,
				9EE1FD8F2662A27700349780 /* Assets.xcassets */,
				9EE1FD912662A27700349780 /* LaunchScreen.storyboard */,
				9EE1FD942662A27700349780 /* Info.plist */,
			);
			path = pizzaAdministratorApp;
			sourceTree = "<group>";
		};
/* End PBXGroup section */

/* Begin PBXNativeTarget section */
		9EE1FD822662A27500349780 /* pizzaAdministratorApp */ = {
			isa = PBXNativeTarget;
			buildConfigurationList = 9EE1FD972662A27700349780 /* Build configuration list for PBXNativeTarget "pizzaAdministratorApp" */;
			buildPhases = (
				9EE1FD7F2662A27500349780 /* Sources */,
				9EE1FD802662A27500349780 /* Frameworks */,
				9EE1FD812662A27500349780 /* Resources */,
			);
			buildRules = (
			);
			dependencies = (
			);
			name = pizzaAdministratorApp;
			productName = pizzaAdministratorApp;
			productReference = 9EE1FD832662A27500349780 /* pizzaAdministratorApp.app */;
			productType = "com.apple.product-type.application";
		};
/* End PBXNativeTarget section */

/* Begin PBXProject section */
		9EE1FD7B2662A27500349780 /* Project object */ = {
			isa = PBXProject;
			attributes = {
				LastSwiftUpdateCheck = 1240;
				LastUpgradeCheck = 1240;
				TargetAttributes = {
					9EE1FD822662A27500349780 = {
						CreatedOnToolsVersion = 12.4;
					};
				};
			};
			buildConfigurationList = 9EE1FD7E2662A27500349780 /* Build configuration list for PBXProject "pizzaAdministratorApp" */;
			compatibilityVersion = "Xcode 9.3";
			developmentRegion = en;
			hasScannedForEncodings = 0;
			knownRegions = (
				en,
				Base,
			);
			mainGroup = 9EE1FD7A2662A27500349780;
			productRefGroup = 9EE1FD842662A27500349780 /* Products */;
			projectDirPath = "";
			projectRoot = "";
			targets = (
				9EE1FD822662A27500349780 /* pizzaAdministratorApp */,
			);
		};
/* End PBXProject section */

/* Begin PBXResourcesBuildPhase section */
		9EE1FD812662A27500349780 /* Resources */ = {
			isa = PBXResourcesBuildPhase;
			buildActionMask = 2147483647;
			files = (
				9EE1FD932662A27700349780 /* LaunchScreen.storyboard in Resources */,
				9EE1FD902662A27700349780 /* Assets.xcassets in Resources */,
				9EE1FD8E2662A27500349780 /* Main.storyboard in Resources */,
			);
			runOnlyForDeploymentPostprocessing = 0;
		};
/* End PBXResourcesBuildPhase section */

/* Begin PBXSourcesBuildPhase section */
		9EE1FD7F2662A27500349780 /* Sources */ = {
			isa = PBXSourcesBuildPhase;
			buildActionMask = 2147483647;
			files = (
				9EE1FD8B2662A27500349780 /* LoginViewController.swift in Sources */,
				9EE1FD872662A27500349780 /* AppDelegate.swift in Sources */,
				9EE1FD9D2663F5DC00349780 /* AdminPageHomeViewController.swift in Sources */,
				9EE1FDA02663F62900349780 /* AddPizzaViewController.swift in Sources */,
				9EE1FD892662A27500349780 /* SceneDelegate.swift in Sources */,
				9EE1FDA32663F65200349780 /* ReviewCheckViewController.swift in Sources */,
			);
			runOnlyForDeploymentPostprocessing = 0;
		};
/* End PBXSourcesBuildPhase section */

/* Begin PBXVariantGroup section */
		9EE1FD8C2662A27500349780 /* Main.storyboard */ = {
			isa = PBXVariantGroup;
			children = (
				9EE1FD8D2662A27500349780 /* Base */,
			);
			name = Main.storyboard;
			sourceTree = "<group>";
		};
		9EE1FD912662A27700349780 /* LaunchScreen.storyboard */ = {
			isa = PBXVariantGroup;
			children = (
				9EE1FD922662A27700349780 /* Base */,
			);
			name = LaunchScreen.storyboard;
			sourceTree = "<group>";
		};
/* End PBXVariantGroup section */

/* Begin XCBuildConfiguration section */
		9EE1FD952662A27700349780 /* Debug */ = {
			isa = XCBuildConfiguration;
			buildSettings = {
				ALWAYS_SEARCH_USER_PATHS = NO;
				CLANG_ANALYZER_NONNULL = YES;
				CLANG_ANALYZER_NUMBER_OBJECT_CONVERSION = YES_AGGRESSIVE;
				CLANG_CXX_LANGUAGE_STANDARD = "gnu++14";
				CLANG_CXX_LIBRARY = "libc++";
				CLANG_ENABLE_MODULES = YES;
				CLANG_ENABLE_OBJC_ARC = YES;
				CLANG_ENABLE_OBJC_WEAK = YES;
				CLANG_WARN_BLOCK_CAPTURE_AUTORELEASING = YES;
				CLANG_WARN_BOOL_CONVERSION = YES;
				CLANG_WARN_COMMA = YES;
				CLANG_WARN_CONSTANT_CONVERSION = YES;
				CLANG_WARN_DEPRECATED_OBJC_IMPLEMENTATIONS = YES;
				CLANG_WARN_DIRECT_OBJC_ISA_USAGE = YES_ERROR;
				CLANG_WARN_DOCUMENTATION_COMMENTS = YES;
				CLANG_WARN_EMPTY_BODY = YES;
				CLANG_WARN_ENUM_CONVERSION = YES;
				CLANG_WARN_INFINITE_RECURSION = YES;
				CLANG_WARN_INT_CONVERSION = YES;
				CLANG_WARN_NON_LITERAL_NULL_CONVERSION = YES;
				CLANG_WARN_OBJC_IMPLICIT_RETAIN_SELF = YES;
				CLANG_WARN_OBJC_LITERAL_CONVERSION = YES;
				CLANG_WARN_OBJC_ROOT_CLASS = YES_ERROR;
				CLANG_WARN_QUOTED_INCLUDE_IN_FRAMEWORK_HEADER = YES;
				CLANG_WARN_RANGE_LOOP_ANALYSIS = YES;
				CLANG_WARN_STRICT_PROTOTYPES = YES;
				CLANG_WARN_SUSPICIOUS_MOVE = YES;
				CLANG_WARN_UNGUARDED_AVAILABILITY = YES_AGGRESSIVE;
				CLANG_WARN_UNREACHABLE_CODE = YES;
				CLANG_WARN__DUPLICATE_METHOD_MATCH = YES;
				COPY_PHASE_STRIP = NO;
				DEBUG_INFORMATION_FORMAT = dwarf;
				ENABLE_STRICT_OBJC_MSGSEND = YES;
				ENABLE_TESTABILITY = YES;
				GCC_C_LANGUAGE_STANDARD = gnu11;
				GCC_DYNAMIC_NO_PIC = NO;
				GCC_NO_COMMON_BLOCKS = YES;
				GCC_OPTIMIZATION_LEVEL = 0;
				GCC_PREPROCESSOR_DEFINITIONS = (
					"DEBUG=1",
					"$(inherited)",
				);
				GCC_WARN_64_TO_32_BIT_CONVERSION = YES;
				GCC_WARN_ABOUT_RETURN_TYPE = YES_ERROR;
				GCC_WARN_UNDECLARED_SELECTOR = YES;
				GCC_WARN_UNINITIALIZED_AUTOS = YES_AGGRESSIVE;
				GCC_WARN_UNUSED_FUNCTION = YES;
				GCC_WARN_UNUSED_VARIABLE = YES;
				IPHONEOS_DEPLOYMENT_TARGET = 14.4;
				MTL_ENABLE_DEBUG_INFO = INCLUDE_SOURCE;
				MTL_FAST_MATH = YES;
				ONLY_ACTIVE_ARCH = YES;
				SDKROOT = iphoneos;
				SWIFT_ACTIVE_COMPILATION_CONDITIONS = DEBUG;
				SWIFT_OPTIMIZATION_LEVEL = "-Onone";
			};
			name = Debug;
		};
		9EE1FD962662A27700349780 /* Release */ = {
			isa = XCBuildConfiguration;
			buildSettings = {
				ALWAYS_SEARCH_USER_PATHS = NO;
				CLANG_ANALYZER_NONNULL = YES;
				CLANG_ANALYZER_NUMBER_OBJECT_CONVERSION = YES_AGGRESSIVE;
				CLANG_CXX_LANGUAGE_STANDARD = "gnu++14";
				CLANG_CXX_LIBRARY = "libc++";
				CLANG_ENABLE_MODULES = YES;
				CLANG_ENABLE_OBJC_ARC = YES;
				CLANG_ENABLE_OBJC_WEAK = YES;
				CLANG_WARN_BLOCK_CAPTURE_AUTORELEASING = YES;
				CLANG_WARN_BOOL_CONVERSION = YES;
				CLANG_WARN_COMMA = YES;
				CLANG_WARN_CONSTANT_CONVERSION = YES;
				CLANG_WARN_DEPRECATED_OBJC_IMPLEMENTATIONS = YES;
				CLANG_WARN_DIRECT_OBJC_ISA_USAGE = YES_ERROR;
				CLANG_WARN_DOCUMENTATION_COMMENTS = YES;
				CLANG_WARN_EMPTY_BODY = YES;
				CLANG_WARN_ENUM_CONVERSION = YES;
				CLANG_WARN_INFINITE_RECURSION = YES;
				CLANG_WARN_INT_CONVERSION = YES;
				CLANG_WARN_NON_LITERAL_NULL_CONVERSION = YES;
				CLANG_WARN_OBJC_IMPLICIT_RETAIN_SELF = YES;
				CLANG_WARN_OBJC_LITERAL_CONVERSION = YES;
				CLANG_WARN_OBJC_ROOT_CLASS = YES_ERROR;
				CLANG_WARN_QUOTED_INCLUDE_IN_FRAMEWORK_HEADER = YES;
				CLANG_WARN_RANGE_LOOP_ANALYSIS = YES;
				CLANG_WARN_STRICT_PROTOTYPES = YES;
				CLANG_WARN_SUSPICIOUS_MOVE = YES;
				CLANG_WARN_UNGUARDED_AVAILABILITY = YES_AGGRESSIVE;
				CLANG_WARN_UNREACHABLE_CODE = YES;
				CLANG_WARN__DUPLICATE_METHOD_MATCH = YES;
				COPY_PHASE_STRIP = NO;
				DEBUG_INFORMATION_FORMAT = "dwarf-with-dsym";
				ENABLE_NS_ASSERTIONS = NO;
				ENABLE_STRICT_OBJC_MSGSEND = YES;
				GCC_C_LANGUAGE_STANDARD = gnu11;
				GCC_NO_COMMON_BLOCKS = YES;
				GCC_WARN_64_TO_32_BIT_CONVERSION = YES;
				GCC_WARN_ABOUT_RETURN_TYPE = YES_ERROR;
				GCC_WARN_UNDECLARED_SELECTOR = YES;
				GCC_WARN_UNINITIALIZED_AUTOS = YES_AGGRESSIVE;
				GCC_WARN_UNUSED_FUNCTION = YES;
				GCC_WARN_UNUSED_VARIABLE = YES;
				IPHONEOS_DEPLOYMENT_TARGET = 14.4;
				MTL_ENABLE_DEBUG_INFO = NO;
				MTL_FAST_MATH = YES;
				SDKROOT = iphoneos;
				SWIFT_COMPILATION_MODE = wholemodule;
				SWIFT_OPTIMIZATION_LEVEL = "-O";
				VALIDATE_PRODUCT = YES;
			};
			name = Release;
		};
		9EE1FD982662A27700349780 /* Debug */ = {
			isa = XCBuildConfiguration;
			buildSettings = {
				ASSETCATALOG_COMPILER_APPICON_NAME = AppIcon;
				ASSETCATALOG_COMPILER_GLOBAL_ACCENT_COLOR_NAME = AccentColor;
				CODE_SIGN_STYLE = Automatic;
				DEVELOPMENT_TEAM = WFRFQ5S6AR;
				INFOPLIST_FILE = pizzaAdministratorApp/Info.plist;
				LD_RUNPATH_SEARCH_PATHS = (
					"$(inherited)",
					"@executable_path/Frameworks",
				);
				PRODUCT_BUNDLE_IDENTIFIER = com.minseung.pizzaAdministratorApp;
				PRODUCT_NAME = "$(TARGET_NAME)";
				SWIFT_VERSION = 5.0;
				TARGETED_DEVICE_FAMILY = "1,2";
			};
			name = Debug;
		};
		9EE1FD992662A27700349780 /* Release */ = {
			isa = XCBuildConfiguration;
			buildSettings = {
				ASSETCATALOG_COMPILER_APPICON_NAME = AppIcon;
				ASSETCATALOG_COMPILER_GLOBAL_ACCENT_COLOR_NAME = AccentColor;
				CODE_SIGN_STYLE = Automatic;
				DEVELOPMENT_TEAM = WFRFQ5S6AR;
				INFOPLIST_FILE = pizzaAdministratorApp/Info.plist;
				LD_RUNPATH_SEARCH_PATHS = (
					"$(inherited)",
					"@executable_path/Frameworks",
				);
				PRODUCT_BUNDLE_IDENTIFIER = com.minseung.pizzaAdministratorApp;
				PRODUCT_NAME = "$(TARGET_NAME)";
				SWIFT_VERSION = 5.0;
				TARGETED_DEVICE_FAMILY = "1,2";
			};
			name = Release;
		};
/* End XCBuildConfiguration section */

/* Begin XCConfigurationList section */
		9EE1FD7E2662A27500349780 /* Build configuration list for PBXProject "pizzaAdministratorApp" */ = {
			isa = XCConfigurationList;
			buildConfigurations = (
				9EE1FD952662A27700349780 /* Debug */,
				9EE1FD962662A27700349780 /* Release */,
			);
			defaultConfigurationIsVisible = 0;
			defaultConfigurationName = Release;
		};
		9EE1FD972662A27700349780 /* Build configuration list for PBXNativeTarget "pizzaAdministratorApp" */ = {
			isa = XCConfigurationList;
			buildConfigurations = (
				9EE1FD982662A27700349780 /* Debug */,
				9EE1FD992662A27700349780 /* Release */,
			);
			defaultConfigurationIsVisible = 0;
			defaultConfigurationName = Release;
		};
/* End XCConfigurationList section */
	};
	rootObject = 9EE1FD7B2662A27500349780 /* Project object */;
}
